
Microsoft Visual Studio Solution File, Format Version 12.00
# Visual Studio Version 16
VisualStudioVersion = 16.0.28902.138
MinimumVisualStudioVersion = 10.0.40219.1
Project("{FAE04EC0-301F-11D3-BF4B-00C04F79EFBC}") = "contribuinte", "contribuinte.csproj", "{9CAF6B29-0800-43C2-B094-C1314FE1A478}"
EndProject
Project("{9A19103F-16F7-4668-BE54-9A1E7A4F7556}") = "contribuinte.teste", "..\contribuinte.teste\contribuinte.teste.csproj", "{B4702AE3-3BB0-445F-8CDA-DAB1B8A0F3D4}"
EndProject
Project("{FAE04EC0-301F-11D3-BF4B-00C04F79EFBC}") = "WebAndLoadTestProject", "..\WebAndLoadTestProject\WebAndLoadTestProject.csproj", "{8CEC214E-63D3-4764-85D6-00979AF0472E}"
EndProject
Project("{2150E333-8FDC-42A3-9474-1A3956D46DE8}") = "Solution Items", "Solution Items", "{8C139F5E-03BC-4963-B49B-884BCA9FBBE0}"
	ProjectSection(SolutionItems) = preProject
		Local.testsettings = Local.testsettings
	EndProjectSection
EndProject
Global
	GlobalSection(SolutionConfigurationPlatforms) = preSolution
		Debug|Any CPU = Debug|Any CPU
		Release|Any CPU = Release|Any CPU
	EndGlobalSection
	GlobalSection(ProjectConfigurationPlatforms) = postSolution
		{9CAF6B29-0800-43C2-B094-C1314FE1A478}.Debug|Any CPU.ActiveCfg = Debug|Any CPU
		{9CAF6B29-0800-43C2-B094-C1314FE1A478}.Debug|Any CPU.Build.0 = Debug|Any CPU
		{9CAF6B29-0800-43C2-B094-C1314FE1A478}.Release|Any CPU.ActiveCfg = Release|Any CPU
		{9CAF6B29-0800-43C2-B094-C1314FE1A478}.Release|Any CPU.Build.0 = Release|Any CPU
		{B4702AE3-3BB0-445F-8CDA-DAB1B8A0F3D4}.Debug|Any CPU.ActiveCfg = Debug|Any CPU
		{B4702AE3-3BB0-445F-8CDA-DAB1B8A0F3D4}.Debug|Any CPU.Build.0 = Debug|Any CPU
		{B4702AE3-3BB0-445F-8CDA-DAB1B8A0F3D4}.Release|Any CPU.ActiveCfg = Release|Any CPU
		{B4702AE3-3BB0-445F-8CDA-DAB1B8A0F3D4}.Release|Any CPU.Build.0 = Release|Any CPU
		{8CEC214E-63D3-4764-85D6-00979AF0472E}.Debug|Any CPU.ActiveCfg = Debug|Any CPU
		{8CEC214E-63D3-4764-85D6-00979AF0472E}.Debug|Any CPU.Build.0 = Debug|Any CPU
		{8CEC214E-63D3-4764-85D6-00979AF0472E}.Release|Any CPU.ActiveCfg = Release|Any CPU
		{8CEC214E-63D3-4764-85D6-00979AF0472E}.Release|Any CPU.Build.0 = Release|Any CPU
	EndGlobalSection
	GlobalSection(SolutionProperties) = preSolution
		HideSolutionNode = FALSE
	EndGlobalSection
	GlobalSection(ExtensibilityGlobals) = postSolution
		SolutionGuid = {DC332F56-1321-47D0-9E78-72D7EA63637A}
	EndGlobalSection
EndGlobal
